{
  "originHash" : "3ef1738394afba122712d812cb7c3c5a5432e59453a7cedb31f6ae9475b77b4f",
  "pins" : [
    {
      "identity" : "dlkit",
      "kind" : "remoteSourceControl",
      "location" : "https://github.com/johnno1962/DLKit",
      "state" : {
        "revision" : "56640162e832810cf765bc6c50e1af31e0b36ad4",
        "version" : "3.4.8"
      }
    },
    {
      "identity" : "fishhook",
      "kind" : "remoteSourceControl",
      "location" : "https://github.com/johnno1962/fishhook",
      "state" : {
        "revision" : "2506520d827ff3f8b5fec800797e10f9b6ef92f5",
        "version" : "1.2.1"
      }
    },
    {
      "identity" : "hotreloading",
      "kind" : "remoteSourceControl",
      "location" : "https://github.com/johnno1962/HotReloading.git",
      "state" : {
        "revision" : "5ad312cd5af048028ac4b668683e56e381d69146",
        "version" : "5.1.0"
      }
    },
    {
      "identity" : "hotswiftui",
      "kind" : "remoteSourceControl",
      "location" : "https://github.com/johnno1962/HotSwiftUI.git",
      "state" : {
        "revision" : "79b90df110099c6fe6f14be3da577f744cf3ec1a",
        "version" : "1.2.1"
      }
    },
    {
      "identity" : "profileswiftui",
      "kind" : "remoteSourceControl",
      "location" : "https://github.com/johnno1962/ProfileSwiftUI",
      "state" : {
        "revision" : "813bd75cc58be6aa993707c22262fb8f22d112d4",
        "version" : "1.1.3"
      }
    },
    {
      "identity" : "remote",
      "kind" : "remoteSourceControl",
      "location" : "https://github.com/johnno1962/Remote",
      "state" : {
        "revision" : "2a03313297a15f31b354dbf2b40c62ca9630b0a1",
        "version" : "2.3.5"
      }
    },
    {
      "identity" : "swiftregex5",
      "kind" : "remoteSourceControl",
      "location" : "https://github.com/johnno1962/SwiftRegex5",
      "state" : {
        "revision" : "60fde2e2e3b691abb35ba4b67e3f0adc82f6d1f5",
        "version" : "6.1.3"
      }
    },
    {
      "identity" : "swifttrace",
      "kind" : "remoteSourceControl",
      "location" : "https://github.com/johnno1962/SwiftTrace",
      "state" : {
        "revision" : "589f37149d5b32cbdd44c70809df23b4f4fa0260",
        "version" : "8.6.1"
      }
    },
    {
      "identity" : "xprobeplugin",
      "kind" : "remoteSourceControl",
      "location" : "https://github.com/johnno1962/XprobePlugin",
      "state" : {
        "revision" : "c80f086ca7038c5e9236e1b15fea3f9e59395183",
        "version" : "2.9.10"
      }
    }
  ],
  "version" : 3
}
